{
  "version": 1,
  "dependencies": {
    "net8.0-windows7.0": {
      "Mono.Cecil": {
        "type": "Transitive",
        "resolved": "0.11.4",
        "contentHash": "IC1h5g0NeJGHIUgzM1P82ld57knhP0IcQfrYITDPXlNpMYGUrsG5TxuaWTjaeqDNQMBDNZkB8L0rBnwsY6JHuQ=="
      },
      "bongocatautoclaim.core": {
        "type": "Project",
        "dependencies": {
          "Mono.Cecil": "[0.11.4, )"
        }
      }
    }
  }
}